
Microsoft Visual Studio Solution File, Format Version 12.00
# Visual Studio Version 17
VisualStudioVersion = 17.12.35527.113
MinimumVisualStudioVersion = 10.0.40219.1
Project("{FAE04EC0-301F-11D3-BF4B-00C04F79EFBC}") = "SportsEcommerce.WebApi", "SportsEcommerce.WebApi\SportsEcommerce.WebApi.csproj", "{2060BBA8-CBF6-4C57-88AB-F09D9107F8BC}"
EndProject
Project("{FAE04EC0-301F-11D3-BF4B-00C04F79EFBC}") = "Core", "Core\Core.csproj", "{B5B1471D-9298-4E9C-8AE5-693A57BCD20E}"
EndProject
Project("{FAE04EC0-301F-11D3-BF4B-00C04F79EFBC}") = "SportsEcommerce.DataAccess", "SportsEcommerce.DataAccess\SportsEcommerce.DataAccess.csproj", "{024C548E-2655-4C17-97AC-A308CC3A1136}"
EndProject
Project("{FAE04EC0-301F-11D3-BF4B-00C04F79EFBC}") = "SportsEcommerce.Models", "SportsEcommerce.Models\SportsEcommerce.Models.csproj", "{3AD389E4-78CB-44EA-AD70-26FE2EF83F14}"
EndProject
Project("{FAE04EC0-301F-11D3-BF4B-00C04F79EFBC}") = "SportsEcommerce.Service", "SportsEcommerce.Service\SportsEcommerce.Service.csproj", "{BD0A492D-CDBE-4996-A5D3-0E7CF1619F01}"
EndProject
Global
	GlobalSection(SolutionConfigurationPlatforms) = preSolution
		Debug|Any CPU = Debug|Any CPU
		Release|Any CPU = Release|Any CPU
	EndGlobalSection
	GlobalSection(ProjectConfigurationPlatforms) = postSolution
		{2060BBA8-CBF6-4C57-88AB-F09D9107F8BC}.Debug|Any CPU.ActiveCfg = Debug|Any CPU
		{2060BBA8-CBF6-4C57-88AB-F09D9107F8BC}.Debug|Any CPU.Build.0 = Debug|Any CPU
		{2060BBA8-CBF6-4C57-88AB-F09D9107F8BC}.Release|Any CPU.ActiveCfg = Release|Any CPU
		{2060BBA8-CBF6-4C57-88AB-F09D9107F8BC}.Release|Any CPU.Build.0 = Release|Any CPU
		{B5B1471D-9298-4E9C-8AE5-693A57BCD20E}.Debug|Any CPU.ActiveCfg = Debug|Any CPU
		{B5B1471D-9298-4E9C-8AE5-693A57BCD20E}.Debug|Any CPU.Build.0 = Debug|Any CPU
		{B5B1471D-9298-4E9C-8AE5-693A57BCD20E}.Release|Any CPU.ActiveCfg = Release|Any CPU
		{B5B1471D-9298-4E9C-8AE5-693A57BCD20E}.Release|Any CPU.Build.0 = Release|Any CPU
		{024C548E-2655-4C17-97AC-A308CC3A1136}.Debug|Any CPU.ActiveCfg = Debug|Any CPU
		{024C548E-2655-4C17-97AC-A308CC3A1136}.Debug|Any CPU.Build.0 = Debug|Any CPU
		{024C548E-2655-4C17-97AC-A308CC3A1136}.Release|Any CPU.ActiveCfg = Release|Any CPU
		{024C548E-2655-4C17-97AC-A308CC3A1136}.Release|Any CPU.Build.0 = Release|Any CPU
		{3AD389E4-78CB-44EA-AD70-26FE2EF83F14}.Debug|Any CPU.ActiveCfg = Debug|Any CPU
		{3AD389E4-78CB-44EA-AD70-26FE2EF83F14}.Debug|Any CPU.Build.0 = Debug|Any CPU
		{3AD389E4-78CB-44EA-AD70-26FE2EF83F14}.Release|Any CPU.ActiveCfg = Release|Any CPU
		{3AD389E4-78CB-44EA-AD70-26FE2EF83F14}.Release|Any CPU.Build.0 = Release|Any CPU
		{BD0A492D-CDBE-4996-A5D3-0E7CF1619F01}.Debug|Any CPU.ActiveCfg = Debug|Any CPU
		{BD0A492D-CDBE-4996-A5D3-0E7CF1619F01}.Debug|Any CPU.Build.0 = Debug|Any CPU
		{BD0A492D-CDBE-4996-A5D3-0E7CF1619F01}.Release|Any CPU.ActiveCfg = Release|Any CPU
		{BD0A492D-CDBE-4996-A5D3-0E7CF1619F01}.Release|Any CPU.Build.0 = Release|Any CPU
	EndGlobalSection
	GlobalSection(SolutionProperties) = preSolution
		HideSolutionNode = FALSE
	EndGlobalSection
	GlobalSection(ExtensibilityGlobals) = postSolution
		SolutionGuid = {7C3BBC03-4ADA-47C6-9B21-FE780FBF72C7}
	EndGlobalSection
EndGlobal
